
Microsoft Visual Studio Solution File, Format Version 12.00
# Visual Studio 14
VisualStudioVersion = 14.0.25420.1
MinimumVisualStudioVersion = 10.0.40219.1
Project("{FAE04EC0-301F-11D3-BF4B-00C04F79EFBC}") = "FileUploadDataAccess", "FileUploadDataAccess\FileUploadDataAccess.csproj", "{3D930911-DDEF-441A-AF95-379FEB9C8D2D}"
EndProject
Project("{FAE04EC0-301F-11D3-BF4B-00C04F79EFBC}") = "FileUploadData", "FileUploadData\FileUploadData.csproj", "{F087EFB7-E860-4B1D-824D-03AE748D127A}"
EndProject
Project("{FAE04EC0-301F-11D3-BF4B-00C04F79EFBC}") = "FileUploadCommon", "FileUploadCommon\FileUploadCommon.csproj", "{B2F03BD9-89C8-423F-A070-D4067FCB026E}"
EndProject
Project("{FAE04EC0-301F-11D3-BF4B-00C04F79EFBC}") = "FileUploadBusiness", "FileUploadBusiness\FileUploadBusiness.csproj", "{09B8AD77-DCCB-43E8-B397-94B6DC94EB4E}"
EndProject
Project("{FAE04EC0-301F-11D3-BF4B-00C04F79EFBC}") = "FileUploadWeb", "FileUploadWeb\FileUploadWeb.csproj", "{F4C8B599-8BC0-485F-B623-B276997755A8}"
EndProject
Global
	GlobalSection(SolutionConfigurationPlatforms) = preSolution
		Debug|Any CPU = Debug|Any CPU
		Release|Any CPU = Release|Any CPU
	EndGlobalSection
	GlobalSection(ProjectConfigurationPlatforms) = postSolution
		{3D930911-DDEF-441A-AF95-379FEB9C8D2D}.Debug|Any CPU.ActiveCfg = Debug|Any CPU
		{3D930911-DDEF-441A-AF95-379FEB9C8D2D}.Debug|Any CPU.Build.0 = Debug|Any CPU
		{3D930911-DDEF-441A-AF95-379FEB9C8D2D}.Release|Any CPU.ActiveCfg = Release|Any CPU
		{3D930911-DDEF-441A-AF95-379FEB9C8D2D}.Release|Any CPU.Build.0 = Release|Any CPU
		{F087EFB7-E860-4B1D-824D-03AE748D127A}.Debug|Any CPU.ActiveCfg = Debug|Any CPU
		{F087EFB7-E860-4B1D-824D-03AE748D127A}.Debug|Any CPU.Build.0 = Debug|Any CPU
		{F087EFB7-E860-4B1D-824D-03AE748D127A}.Release|Any CPU.ActiveCfg = Release|Any CPU
		{F087EFB7-E860-4B1D-824D-03AE748D127A}.Release|Any CPU.Build.0 = Release|Any CPU
		{B2F03BD9-89C8-423F-A070-D4067FCB026E}.Debug|Any CPU.ActiveCfg = Debug|Any CPU
		{B2F03BD9-89C8-423F-A070-D4067FCB026E}.Debug|Any CPU.Build.0 = Debug|Any CPU
		{B2F03BD9-89C8-423F-A070-D4067FCB026E}.Release|Any CPU.ActiveCfg = Release|Any CPU
		{B2F03BD9-89C8-423F-A070-D4067FCB026E}.Release|Any CPU.Build.0 = Release|Any CPU
		{09B8AD77-DCCB-43E8-B397-94B6DC94EB4E}.Debug|Any CPU.ActiveCfg = Debug|Any CPU
		{09B8AD77-DCCB-43E8-B397-94B6DC94EB4E}.Debug|Any CPU.Build.0 = Debug|Any CPU
		{09B8AD77-DCCB-43E8-B397-94B6DC94EB4E}.Release|Any CPU.ActiveCfg = Release|Any CPU
		{09B8AD77-DCCB-43E8-B397-94B6DC94EB4E}.Release|Any CPU.Build.0 = Release|Any CPU
		{F4C8B599-8BC0-485F-B623-B276997755A8}.Debug|Any CPU.ActiveCfg = Debug|Any CPU
		{F4C8B599-8BC0-485F-B623-B276997755A8}.Debug|Any CPU.Build.0 = Debug|Any CPU
		{F4C8B599-8BC0-485F-B623-B276997755A8}.Release|Any CPU.ActiveCfg = Release|Any CPU
		{F4C8B599-8BC0-485F-B623-B276997755A8}.Release|Any CPU.Build.0 = Release|Any CPU
	EndGlobalSection
	GlobalSection(SolutionProperties) = preSolution
		HideSolutionNode = FALSE
	EndGlobalSection
EndGlobal
